Microsoft Visual Studio Solution File, Format Version 11.00
# Visual Studio 2008

Project("{8043F6F5-4B04-0B2B-CCAD-0175EF726E06}") = "ElectionGame_9.2_C", "Assembly-CSharp-firstpass.csproj", "{97EB0213-EDE5-8A0C-6D9F-8FA585295C48}"
EndProject
Project("{8043F6F5-4B04-0B2B-CCAD-0175EF726E06}") = "ElectionGame_9.2_C", "Assembly-CSharp.csproj", "{293B5059-4B40-67DA-661E-01F88A634A51}"
EndProject
Project("{8043F6F5-4B04-0B2B-CCAD-0175EF726E06}") = "ElectionGame_9.2_C", "Assembly-CSharp-Editor.csproj", "{4E3B85A0-7F26-DF2F-07BF-E15872890667}"
EndProject
Global
	GlobalSection(SolutionConfigurationPlatforms) = preSolution
		Debug|Any CPU = Debug|Any CPU
		Release|Any CPU = Release|Any CPU
	EndGlobalSection
	GlobalSection(ProjectConfigurationPlatforms) = postSolution
		{97EB0213-EDE5-8A0C-6D9F-8FA585295C48}.Debug|Any CPU.ActiveCfg = Debug|Any CPU
		{97EB0213-EDE5-8A0C-6D9F-8FA585295C48}.Debug|Any CPU.Build.0 = Debug|Any CPU
		{97EB0213-EDE5-8A0C-6D9F-8FA585295C48}.Release|Any CPU.ActiveCfg = Release|Any CPU
		{97EB0213-EDE5-8A0C-6D9F-8FA585295C48}.Release|Any CPU.Build.0 = Release|Any CPU
		{293B5059-4B40-67DA-661E-01F88A634A51}.Debug|Any CPU.ActiveCfg = Debug|Any CPU
		{293B5059-4B40-67DA-661E-01F88A634A51}.Debug|Any CPU.Build.0 = Debug|Any CPU
		{293B5059-4B40-67DA-661E-01F88A634A51}.Release|Any CPU.ActiveCfg = Release|Any CPU
		{293B5059-4B40-67DA-661E-01F88A634A51}.Release|Any CPU.Build.0 = Release|Any CPU
		{4E3B85A0-7F26-DF2F-07BF-E15872890667}.Debug|Any CPU.ActiveCfg = Debug|Any CPU
		{4E3B85A0-7F26-DF2F-07BF-E15872890667}.Debug|Any CPU.Build.0 = Debug|Any CPU
		{4E3B85A0-7F26-DF2F-07BF-E15872890667}.Release|Any CPU.ActiveCfg = Release|Any CPU
		{4E3B85A0-7F26-DF2F-07BF-E15872890667}.Release|Any CPU.Build.0 = Release|Any CPU
	EndGlobalSection
	GlobalSection(SolutionProperties) = preSolution
		HideSolutionNode = FALSE
	EndGlobalSection
	GlobalSection(MonoDevelopProperties) = preSolution
		StartupItem = Assembly-CSharp.csproj
		Policies = $0
		$0.TextStylePolicy = $1
		$1.inheritsSet = null
		$1.scope = text/x-csharp
		$0.CSharpFormattingPolicy = $2
		$2.inheritsSet = Mono
		$2.inheritsScope = text/x-csharp
		$2.scope = text/x-csharp
		$0.TextStylePolicy = $3
		$3.FileWidth = 120
		$3.TabWidth = 4
		$3.IndentWidth = 4
		$3.EolMarker = Unix
		$3.inheritsSet = Mono
		$3.inheritsScope = text/plain
		$3.scope = text/plain
	EndGlobalSection
EndGlobal
